{
  "name": "champions-ev-optimizer",
  "version": "0.1.0",
  "lockfileVersion": 3,
  "requires": true,
  "packages": {
    "": {
      "name": "champions-ev-optimizer",
      "version": "0.1.0",
      "dependencies": {
        "@pkmn/dex": "^0.10.0"
      },
      "devDependencies": {},
      "engines": {
        "node": ">=20"
      }
    },
    "node_modules/@pkmn/dex": {
      "version": "0.10.8",
      "resolved": "https://registry.npmjs.org/@pkmn/dex/-/dex-0.10.8.tgz",
      "integrity": "sha512-irMP6snPu6x1fkpK/1elkbMVB/cjhqpnyV2vT3XUODJk9YDLgd+AkE7zi8vTavkWCTy3LXCXNMV6Ou9xLk2NyQ==",
      "license": "MIT",
      "dependencies": {
        "@pkmn/dex-types": "^0.10.8"
      }
    },
    "node_modules/@pkmn/dex-types": {
      "version": "0.10.8",
      "resolved": "https://registry.npmjs.org/@pkmn/dex-types/-/dex-types-0.10.8.tgz",
      "integrity": "sha512-nXw6DMz2g4Xt+vrv5xuoP2776xaSDltEks/p8B8MyuccYkbYOndxybVndYxqZpYMiNGjX7QDVVyQDZqAgSDJEw==",
      "license": "MIT",
      "dependencies": {
        "@pkmn/types": "^4.0.0"
      }
    },
    "node_modules/@pkmn/types": {
      "version": "4.0.0",
      "resolved": "https://registry.npmjs.org/@pkmn/types/-/types-4.0.0.tgz",
      "integrity": "sha512-gR2s/pxJYEegek1TtsYCQupNR3d5hMlcJFsiD+2LyfKr4tc+gETTql47tWLX5mFSbPcbXh7f4+7txlMIDoZx/g==",
      "license": "MIT"
    }
  }
}
